
Microsoft Visual Studio Solution File, Format Version 12.00
# Visual Studio Version 16
VisualStudioVersion = 16.0.30523.141
MinimumVisualStudioVersion = 10.0.40219.1
Project("{FAE04EC0-301F-11D3-BF4B-00C04F79EFBC}") = "RE.Application.Library", "RE.Application.Library\RE.Application.Library.csproj", "{B0FC436D-FDFE-4970-9FEA-B68FC65BDA55}"
EndProject
Global
	GlobalSection(SolutionConfigurationPlatforms) = preSolution
		Debug|Any CPU = Debug|Any CPU
		Release|Any CPU = Release|Any CPU
	EndGlobalSection
	GlobalSection(ProjectConfigurationPlatforms) = postSolution
		{B0FC436D-FDFE-4970-9FEA-B68FC65BDA55}.Debug|Any CPU.ActiveCfg = Debug|Any CPU
		{B0FC436D-FDFE-4970-9FEA-B68FC65BDA55}.Debug|Any CPU.Build.0 = Debug|Any CPU
		{B0FC436D-FDFE-4970-9FEA-B68FC65BDA55}.Release|Any CPU.ActiveCfg = Release|Any CPU
		{B0FC436D-FDFE-4970-9FEA-B68FC65BDA55}.Release|Any CPU.Build.0 = Release|Any CPU
	EndGlobalSection
	GlobalSection(SolutionProperties) = preSolution
		HideSolutionNode = FALSE
	EndGlobalSection
	GlobalSection(ExtensibilityGlobals) = postSolution
		SolutionGuid = {FD5BF2F8-8A42-42F9-89E8-8C0DCBC75DA3}
	EndGlobalSection
EndGlobal
